// !$*UTF8*$!
{
	archiveVersion = 1;
	classes = {
	};
	objectVersion = 46;
	objects = {

/* Begin PBXBuildFile section */
		D9056B641B66E4BD00413C85 /* KeyboardViewController.swift in Sources */ = {isa = PBXBuildFile; fileRef = D9056B631B66E4BD00413C85 /* KeyboardViewController.swift */; };
		D9056B671B66E4BD00413C85 /* EmojKeyboard.appex in Embed App Extensions */ = {isa = PBXBuildFile; fileRef = D9056B5F1B66E4BD00413C85 /* EmojKeyboard.appex */; settings = {ATTRIBUTES = (RemoveHeadersOnCopy, ); }; };
		D9056B6D1B66F2F100413C85 /* Images.xcassets in Resources */ = {isa = PBXBuildFile; fileRef = D9F755C21B62034700447687 /* Images.xcassets */; };
		D9056B731B66FBBE00413C85 /* KeyboardView.xib in Resources */ = {isa = PBXBuildFile; fileRef = D9056B721B66FBBE00413C85 /* KeyboardView.xib */; };
		D9056B761B66FCDC00413C85 /* BottomEmojiView.swift in Sources */ = {isa = PBXBuildFile; fileRef = D9056B741B66FCDC00413C85 /* BottomEmojiView.swift */; };
		D9056B771B66FCDC00413C85 /* TopEmojiView.swift in Sources */ = {isa = PBXBuildFile; fileRef = D9056B751B66FCDC00413C85 /* TopEmojiView.swift */; };
		D964AFD01B66E0420016DA9B /* Assets in Resources */ = {isa = PBXBuildFile; fileRef = D964AFCE1B66E0420016DA9B /* Assets */; };
		D964AFD11B66E0420016DA9B /* Backend in Resources */ = {isa = PBXBuildFile; fileRef = D964AFCF1B66E0420016DA9B /* Backend */; };
		D9F755BC1B62034700447687 /* AppDelegate.swift in Sources */ = {isa = PBXBuildFile; fileRef = D9F755BB1B62034700447687 /* AppDelegate.swift */; };
		D9F755BE1B62034700447687 /* ViewController.swift in Sources */ = {isa = PBXBuildFile; fileRef = D9F755BD1B62034700447687 /* ViewController.swift */; };
		D9F755C11B62034700447687 /* Main.storyboard in Resources */ = {isa = PBXBuildFile; fileRef = D9F755BF1B62034700447687 /* Main.storyboard */; };
		D9F755C31B62034700447687 /* Images.xcassets in Resources */ = {isa = PBXBuildFile; fileRef = D9F755C21B62034700447687 /* Images.xcassets */; };
		D9F755C61B62034700447687 /* LaunchScreen.xib in Resources */ = {isa = PBXBuildFile; fileRef = D9F755C41B62034700447687 /* LaunchScreen.xib */; };
		D9F755D21B62034700447687 /* EmojKeyTests.swift in Sources */ = {isa = PBXBuildFile; fileRef = D9F755D11B62034700447687 /* EmojKeyTests.swift */; };
/* End PBXBuildFile section */

/* Begin PBXContainerItemProxy section */
		D9056B651B66E4BD00413C85 /* PBXContainerItemProxy */ = {
			isa = PBXContainerItemProxy;
			containerPortal = D9F755AE1B62034700447687 /* Project object */;
			proxyType = 1;
			remoteGlobalIDString = D9056B5E1B66E4BD00413C85;
			remoteInfo = EmojKeyboard;
		};
		D9F755CC1B62034700447687 /* PBXContainerItemProxy */ = {
			isa = PBXContainerItemProxy;
			containerPortal = D9F755AE1B62034700447687 /* Project object */;
			proxyType = 1;
			remoteGlobalIDString = D9F755B51B62034700447687;
			remoteInfo = EmojKey;
		};
/* End PBXContainerItemProxy section */

/* Begin PBXCopyFilesBuildPhase section */
		D9056B6B1B66E4BD00413C85 /* Embed App Extensions */ = {
			isa = PBXCopyFilesBuildPhase;
			buildActionMask = 2147483647;
			dstPath = "";
			dstSubfolderSpec = 13;
			files = (
				D9056B671B66E4BD00413C85 /* EmojKeyboard.appex in Embed App Extensions */,
			);
			name = "Embed App Extensions";
			runOnlyForDeploymentPostprocessing = 0;
		};
/* End PBXCopyFilesBuildPhase section */

/* Begin PBXFileReference section */
		D9056B5F1B66E4BD00413C85 /* EmojKeyboard.appex */ = {isa = PBXFileReference; explicitFileType = "wrapper.app-extension"; includeInIndex = 0; path = EmojKeyboard.appex; sourceTree = BUILT_PRODUCTS_DIR; };
		D9056B621B66E4BD00413C85 /* Info.plist */ = {isa = PBXFileReference; lastKnownFileType = text.plist.xml; path = Info.plist; sourceTree = "<group>"; };
		D9056B631B66E4BD00413C85 /* KeyboardViewController.swift */ = {isa = PBXFileReference; lastKnownFileType = sourcecode.swift; path = KeyboardViewController.swift; sourceTree = "<group>"; };
		D9056B721B66FBBE00413C85 /* KeyboardView.xib */ = {isa = PBXFileReference; fileEncoding = 4; lastKnownFileType = file.xib; path = KeyboardView.xib; sourceTree = "<group>"; };
		D9056B741B66FCDC00413C85 /* BottomEmojiView.swift */ = {isa = PBXFileReference; fileEncoding = 4; lastKnownFileType = sourcecode.swift; name = BottomEmojiView.swift; path = EmojKeyboard/BottomEmojiView.swift; sourceTree = SOURCE_ROOT; };
		D9056B751B66FCDC00413C85 /* TopEmojiView.swift */ = {isa = PBXFileReference; fileEncoding = 4; lastKnownFileType = sourcecode.swift; name = TopEmojiView.swift; path = EmojKeyboard/TopEmojiView.swift; sourceTree = SOURCE_ROOT; };
		D964AFCE1B66E0420016DA9B /* Assets */ = {isa = PBXFileReference; lastKnownFileType = folder; name = Assets; path = ../Assets; sourceTree = "<group>"; };
		D964AFCF1B66E0420016DA9B /* Backend */ = {isa = PBXFileReference; lastKnownFileType = folder; name = Backend; path = ../Backend; sourceTree = "<group>"; };
		D9F755B61B62034700447687 /* EmojKey.app */ = {isa = PBXFileReference; explicitFileType = wrapper.application; includeInIndex = 0; path = EmojKey.app; sourceTree = BUILT_PRODUCTS_DIR; };
		D9F755BA1B62034700447687 /* Info.plist */ = {isa = PBXFileReference; lastKnownFileType = text.plist.xml; path = Info.plist; sourceTree = "<group>"; };
		D9F755BB1B62034700447687 /* AppDelegate.swift */ = {isa = PBXFileReference; lastKnownFileType = sourcecode.swift; path = AppDelegate.swift; sourceTree = "<group>"; };
		D9F755BD1B62034700447687 /* ViewController.swift */ = {isa = PBXFileReference; lastKnownFileType = sourcecode.swift; path = ViewController.swift; sourceTree = "<group>"; };
		D9F755C01B62034700447687 /* Base */ = {isa = PBXFileReference; lastKnownFileType = file.storyboard; name = Base; path = Base.lproj/Main.storyboard; sourceTree = "<group>"; };
		D9F755C21B62034700447687 /* Images.xcassets */ = {isa = PBXFileReference; lastKnownFileType = folder.assetcatalog; path = Images.xcassets; sourceTree = "<group>"; };
		D9F755C51B62034700447687 /* Base */ = {isa = PBXFileReference; lastKnownFileType = file.xib; name = Base; path = Base.lproj/LaunchScreen.xib; sourceTree = "<group>"; };
		D9F755CB1B62034700447687 /* EmojKeyTests.xctest */ = {isa = PBXFileReference; explicitFileType = wrapper.cfbundle; includeInIndex = 0; path = EmojKeyTests.xctest; sourceTree = BUILT_PRODUCTS_DIR; };
		D9F755D01B62034700447687 /* Info.plist */ = {isa = PBXFileReference; lastKnownFileType = text.plist.xml; path = Info.plist; sourceTree = "<group>"; };
		D9F755D11B62034700447687 /* EmojKeyTests.swift */ = {isa = PBXFileReference; lastKnownFileType = sourcecode.swift; path = EmojKeyTests.swift; sourceTree = "<group>"; };
/* End PBXFileReference section */

/* Begin PBXFrameworksBuildPhase section */
		D9056B5C1B66E4BD00413C85 /* Frameworks */ = {
			isa = PBXFrameworksBuildPhase;
			buildActionMask = 2147483647;
			files = (
			);
			runOnlyForDeploymentPostprocessing = 0;
		};
		D9F755B31B62034700447687 /* Frameworks */ = {
			isa = PBXFrameworksBuildPhase;
			buildActionMask = 2147483647;
			files = (
			);
			runOnlyForDeploymentPostprocessing = 0;
		};
		D9F755C81B62034700447687 /* Frameworks */ = {
			isa = PBXFrameworksBuildPhase;
			buildActionMask = 2147483647;
			files = (
			);
			runOnlyForDeploymentPostprocessing = 0;
		};
/* End PBXFrameworksBuildPhase section */

/* Begin PBXGroup section */
		D9056B601B66E4BD00413C85 /* EmojKeyboard */ = {
			isa = PBXGroup;
			children = (
				D9056B741B66FCDC00413C85 /* BottomEmojiView.swift */,
				D9056B751B66FCDC00413C85 /* TopEmojiView.swift */,
				D9056B721B66FBBE00413C85 /* KeyboardView.xib */,
				D9056B631B66E4BD00413C85 /* KeyboardViewController.swift */,
				D9056B611B66E4BD00413C85 /* Supporting Files */,
			);
			path = EmojKeyboard;
			sourceTree = "<group>";
		};
		D9056B611B66E4BD00413C85 /* Supporting Files */ = {
			isa = PBXGroup;
			children = (
				D9056B621B66E4BD00413C85 /* Info.plist */,
			);
			name = "Supporting Files";
			sourceTree = "<group>";
		};
		D9F755AD1B62034700447687 = {
			isa = PBXGroup;
			children = (
				D964AFCE1B66E0420016DA9B /* Assets */,
				D964AFCF1B66E0420016DA9B /* Backend */,
				D9F755B81B62034700447687 /* EmojKey */,
				D9F755CE1B62034700447687 /* EmojKeyTests */,
				D9056B601B66E4BD00413C85 /* EmojKeyboard */,
				D9F755B71B62034700447687 /* Products */,
			);
			sourceTree = "<group>";
		};
		D9F755B71B62034700447687 /* Products */ = {
			isa = PBXGroup;
			children = (
				D9F755B61B62034700447687 /* EmojKey.app */,
				D9F755CB1B62034700447687 /* EmojKeyTests.xctest */,
				D9056B5F1B66E4BD00413C85 /* EmojKeyboard.appex */,
			);
			name = Products;
			sourceTree = "<group>";
		};
		D9F755B81B62034700447687 /* EmojKey */ = {
			isa = PBXGroup;
			children = (
				D9F755BB1B62034700447687 /* AppDelegate.swift */,
				D9F755BD1B62034700447687 /* ViewController.swift */,
				D9F755BF1B62034700447687 /* Main.storyboard */,
				D9F755C21B62034700447687 /* Images.xcassets */,
				D9F755C41B62034700447687 /* LaunchScreen.xib */,
				D9F755B91B62034700447687 /* Supporting Files */,
			);
			path = EmojKey;
			sourceTree = "<group>";
		};
		D9F755B91B62034700447687 /* Supporting Files */ = {
			isa = PBXGroup;
			children = (
				D9F755BA1B62034700447687 /* Info.plist */,
			);
			name = "Supporting Files";
			sourceTree = "<group>";
		};
		D9F755CE1B62034700447687 /* EmojKeyTests */ = {
			isa = PBXGroup;
			children = (
				D9F755D11B62034700447687 /* EmojKeyTests.swift */,
				D9F755CF1B62034700447687 /* Supporting Files */,
			);
			path = EmojKeyTests;
			sourceTree = "<group>";
		};
		D9F755CF1B62034700447687 /* Supporting Files */ = {
			isa = PBXGroup;
			children = (
				D9F755D01B62034700447687 /* Info.plist */,
			);
			name = "Supporting Files";
			sourceTree = "<group>";
		};
/* End PBXGroup section */

/* Begin PBXNativeTarget section */
		D9056B5E1B66E4BD00413C85 /* EmojKeyboard */ = {
			isa = PBXNativeTarget;
			buildConfigurationList = D9056B6A1B66E4BD00413C85 /* Build configuration list for PBXNativeTarget "EmojKeyboard" */;
			buildPhases = (
				D9056B5B1B66E4BD00413C85 /* Sources */,
				D9056B5C1B66E4BD00413C85 /* Frameworks */,
				D9056B5D1B66E4BD00413C85 /* Resources */,
			);
			buildRules = (
			);
			dependencies = (
			);
			name = EmojKeyboard;
			productName = EmojKeyboard;
			productReference = D9056B5F1B66E4BD00413C85 /* EmojKeyboard.appex */;
			productType = "com.apple.product-type.app-extension";
		};
		D9F755B51B62034700447687 /* EmojKey */ = {
			isa = PBXNativeTarget;
			buildConfigurationList = D9F755D51B62034700447687 /* Build configuration list for PBXNativeTarget "EmojKey" */;
			buildPhases = (
				D9F755B21B62034700447687 /* Sources */,
				D9F755B31B62034700447687 /* Frameworks */,
				D9F755B41B62034700447687 /* Resources */,
				D9056B6B1B66E4BD00413C85 /* Embed App Extensions */,
			);
			buildRules = (
			);
			dependencies = (
				D9056B661B66E4BD00413C85 /* PBXTargetDependency */,
			);
			name = EmojKey;
			productName = EmojKey;
			productReference = D9F755B61B62034700447687 /* EmojKey.app */;
			productType = "com.apple.product-type.application";
		};
		D9F755CA1B62034700447687 /* EmojKeyTests */ = {
			isa = PBXNativeTarget;
			buildConfigurationList = D9F755D81B62034700447687 /* Build configuration list for PBXNativeTarget "EmojKeyTests" */;
			buildPhases = (
				D9F755C71B62034700447687 /* Sources */,
				D9F755C81B62034700447687 /* Frameworks */,
				D9F755C91B62034700447687 /* Resources */,
			);
			buildRules = (
			);
			dependencies = (
				D9F755CD1B62034700447687 /* PBXTargetDependency */,
			);
			name = EmojKeyTests;
			productName = EmojKeyTests;
			productReference = D9F755CB1B62034700447687 /* EmojKeyTests.xctest */;
			productType = "com.apple.product-type.bundle.unit-test";
		};
/* End PBXNativeTarget section */

/* Begin PBXProject section */
		D9F755AE1B62034700447687 /* Project object */ = {
			isa = PBXProject;
			attributes = {
				LastUpgradeCheck = 0640;
				ORGANIZATIONNAME = "Matthew Carlson";
				TargetAttributes = {
					D9056B5E1B66E4BD00413C85 = {
						CreatedOnToolsVersion = 6.4;
					};
					D9F755B51B62034700447687 = {
						CreatedOnToolsVersion = 6.4;
					};
					D9F755CA1B62034700447687 = {
						CreatedOnToolsVersion = 6.4;
						TestTargetID = D9F755B51B62034700447687;
					};
				};
			};
			buildConfigurationList = D9F755B11B62034700447687 /* Build configuration list for PBXProject "EmojKey" */;
			compatibilityVersion = "Xcode 3.2";
			developmentRegion = English;
			hasScannedForEncodings = 0;
			knownRegions = (
				en,
				Base,
			);
			mainGroup = D9F755AD1B62034700447687;
			productRefGroup = D9F755B71B62034700447687 /* Products */;
			projectDirPath = "";
			projectRoot = "";
			targets = (
				D9F755B51B62034700447687 /* EmojKey */,
				D9F755CA1B62034700447687 /* EmojKeyTests */,
				D9056B5E1B66E4BD00413C85 /* EmojKeyboard */,
			);
		};
/* End PBXProject section */

/* Begin PBXResourcesBuildPhase section */
		D9056B5D1B66E4BD00413C85 /* Resources */ = {
			isa = PBXResourcesBuildPhase;
			buildActionMask = 2147483647;
			files = (
				D9056B6D1B66F2F100413C85 /* Images.xcassets in Resources */,
				D9056B731B66FBBE00413C85 /* KeyboardView.xib in Resources */,
			);
			runOnlyForDeploymentPostprocessing = 0;
		};
		D9F755B41B62034700447687 /* Resources */ = {
			isa = PBXResourcesBuildPhase;
			buildActionMask = 2147483647;
			files = (
				D9F755C11B62034700447687 /* Main.storyboard in Resources */,
				D964AFD01B66E0420016DA9B /* Assets in Resources */,
				D9F755C61B62034700447687 /* LaunchScreen.xib in Resources */,
				D964AFD11B66E0420016DA9B /* Backend in Resources */,
				D9F755C31B62034700447687 /* Images.xcassets in Resources */,
			);
			runOnlyForDeploymentPostprocessing = 0;
		};
		D9F755C91B62034700447687 /* Resources */ = {
			isa = PBXResourcesBuildPhase;
			buildActionMask = 2147483647;
			files = (
			);
			runOnlyForDeploymentPostprocessing = 0;
		};
/* End PBXResourcesBuildPhase section */

/* Begin PBXSourcesBuildPhase section */
		D9056B5B1B66E4BD00413C85 /* Sources */ = {
			isa = PBXSourcesBuildPhase;
			buildActionMask = 2147483647;
			files = (
				D9056B771B66FCDC00413C85 /* TopEmojiView.swift in Sources */,
				D9056B761B66FCDC00413C85 /* BottomEmojiView.swift in Sources */,
				D9056B641B66E4BD00413C85 /* KeyboardViewController.swift in Sources */,
			);
			runOnlyForDeploymentPostprocessing = 0;
		};
		D9F755B21B62034700447687 /* Sources */ = {
			isa = PBXSourcesBuildPhase;
			buildActionMask = 2147483647;
			files = (
				D9F755BE1B62034700447687 /* ViewController.swift in Sources */,
				D9F755BC1B62034700447687 /* AppDelegate.swift in Sources */,
			);
			runOnlyForDeploymentPostprocessing = 0;
		};
		D9F755C71B62034700447687 /* Sources */ = {
			isa = PBXSourcesBuildPhase;
			buildActionMask = 2147483647;
			files = (
				D9F755D21B62034700447687 /* EmojKeyTests.swift in Sources */,
			);
			runOnlyForDeploymentPostprocessing = 0;
		};
/* End PBXSourcesBuildPhase section */

/* Begin PBXTargetDependency section */
		D9056B661B66E4BD00413C85 /* PBXTargetDependency */ = {
			isa = PBXTargetDependency;
			target = D9056B5E1B66E4BD00413C85 /* EmojKeyboard */;
			targetProxy = D9056B651B66E4BD00413C85 /* PBXContainerItemProxy */;
		};
		D9F755CD1B62034700447687 /* PBXTargetDependency */ = {
			isa = PBXTargetDependency;
			target = D9F755B51B62034700447687 /* EmojKey */;
			targetProxy = D9F755CC1B62034700447687 /* PBXContainerItemProxy */;
		};
/* End PBXTargetDependency section */

/* Begin PBXVariantGroup section */
		D9F755BF1B62034700447687 /* Main.storyboard */ = {
			isa = PBXVariantGroup;
			children = (
				D9F755C01B62034700447687 /* Base */,
			);
			name = Main.storyboard;
			sourceTree = "<group>";
		};
		D9F755C41B62034700447687 /* LaunchScreen.xib */ = {
			isa = PBXVariantGroup;
			children = (
				D9F755C51B62034700447687 /* Base */,
			);
			name = LaunchScreen.xib;
			sourceTree = "<group>";
		};
/* End PBXVariantGroup section */

/* Begin XCBuildConfiguration section */
		D9056B681B66E4BD00413C85 /* Debug */ = {
			isa = XCBuildConfiguration;
			buildSettings = {
				GCC_PREPROCESSOR_DEFINITIONS = (
					"DEBUG=1",
					"$(inherited)",
				);
				INFOPLIST_FILE = EmojKeyboard/Info.plist;
				LD_RUNPATH_SEARCH_PATHS = "$(inherited) @executable_path/Frameworks @executable_path/../../Frameworks";
				PRODUCT_NAME = "$(TARGET_NAME)";
				SKIP_INSTALL = YES;
			};
			name = Debug;
		};
		D9056B691B66E4BD00413C85 /* Release */ = {
			isa = XCBuildConfiguration;
			buildSettings = {
				INFOPLIST_FILE = EmojKeyboard/Info.plist;
				LD_RUNPATH_SEARCH_PATHS = "$(inherited) @executable_path/Frameworks @executable_path/../../Frameworks";
				PRODUCT_NAME = "$(TARGET_NAME)";
				SKIP_INSTALL = YES;
			};
			name = Release;
		};
		D9F755D31B62034700447687 /* Debug */ = {
			isa = XCBuildConfiguration;
			buildSettings = {
				ALWAYS_SEARCH_USER_PATHS = NO;
				CLANG_CXX_LANGUAGE_STANDARD = "gnu++0x";
				CLANG_CXX_LIBRARY = "libc++";
				CLANG_ENABLE_MODULES = YES;
				CLANG_ENABLE_OBJC_ARC = YES;
				CLANG_WARN_BOOL_CONVERSION = YES;
				CLANG_WARN_CONSTANT_CONVERSION = YES;
				CLANG_WARN_DIRECT_OBJC_ISA_USAGE = YES_ERROR;
				CLANG_WARN_EMPTY_BODY = YES;
				CLANG_WARN_ENUM_CONVERSION = YES;
				CLANG_WARN_INT_CONVERSION = YES;
				CLANG_WARN_OBJC_ROOT_CLASS = YES_ERROR;
				CLANG_WARN_UNREACHABLE_CODE = YES;
				CLANG_WARN__DUPLICATE_METHOD_MATCH = YES;
				"CODE_SIGN_IDENTITY[sdk=iphoneos*]" = "iPhone Developer";
				COPY_PHASE_STRIP = NO;
				DEBUG_INFORMATION_FORMAT = "dwarf-with-dsym";
				ENABLE_STRICT_OBJC_MSGSEND = YES;
				GCC_C_LANGUAGE_STANDARD = gnu99;
				GCC_DYNAMIC_NO_PIC = NO;
				GCC_NO_COMMON_BLOCKS = YES;
				GCC_OPTIMIZATION_LEVEL = 0;
				GCC_PREPROCESSOR_DEFINITIONS = (
					"DEBUG=1",
					"$(inherited)",
				);
				GCC_SYMBOLS_PRIVATE_EXTERN = NO;
				GCC_WARN_64_TO_32_BIT_CONVERSION = YES;
				GCC_WARN_ABOUT_RETURN_TYPE = YES_ERROR;
				GCC_WARN_UNDECLARED_SELECTOR = YES;
				GCC_WARN_UNINITIALIZED_AUTOS = YES_AGGRESSIVE;
				GCC_WARN_UNUSED_FUNCTION = YES;
				GCC_WARN_UNUSED_VARIABLE = YES;
				IPHONEOS_DEPLOYMENT_TARGET = 8.4;
				MTL_ENABLE_DEBUG_INFO = YES;
				ONLY_ACTIVE_ARCH = YES;
				SDKROOT = iphoneos;
				SWIFT_OPTIMIZATION_LEVEL = "-Onone";
			};
			name = Debug;
		};
		D9F755D41B62034700447687 /* Release */ = {
			isa = XCBuildConfiguration;
			buildSettings = {
				ALWAYS_SEARCH_USER_PATHS = NO;
				CLANG_CXX_LANGUAGE_STANDARD = "gnu++0x";
				CLANG_CXX_LIBRARY = "libc++";
				CLANG_ENABLE_MODULES = YES;
				CLANG_ENABLE_OBJC_ARC = YES;
				CLANG_WARN_BOOL_CONVERSION = YES;
				CLANG_WARN_CONSTANT_CONVERSION = YES;
				CLANG_WARN_DIRECT_OBJC_ISA_USAGE = YES_ERROR;
				CLANG_WARN_EMPTY_BODY = YES;
				CLANG_WARN_ENUM_CONVERSION = YES;
				CLANG_WARN_INT_CONVERSION = YES;
				CLANG_WARN_OBJC_ROOT_CLASS = YES_ERROR;
				CLANG_WARN_UNREACHABLE_CODE = YES;
				CLANG_WARN__DUPLICATE_METHOD_MATCH = YES;
				"CODE_SIGN_IDENTITY[sdk=iphoneos*]" = "iPhone Developer";
				COPY_PHASE_STRIP = NO;
				DEBUG_INFORMATION_FORMAT = "dwarf-with-dsym";
				ENABLE_NS_ASSERTIONS = NO;
				ENABLE_STRICT_OBJC_MSGSEND = YES;
				GCC_C_LANGUAGE_STANDARD = gnu99;
				GCC_NO_COMMON_BLOCKS = YES;
				GCC_WARN_64_TO_32_BIT_CONVERSION = YES;
				GCC_WARN_ABOUT_RETURN_TYPE = YES_ERROR;
				GCC_WARN_UNDECLARED_SELECTOR = YES;
				GCC_WARN_UNINITIALIZED_AUTOS = YES_AGGRESSIVE;
				GCC_WARN_UNUSED_FUNCTION = YES;
				GCC_WARN_UNUSED_VARIABLE = YES;
				IPHONEOS_DEPLOYMENT_TARGET = 8.4;
				MTL_ENABLE_DEBUG_INFO = NO;
				SDKROOT = iphoneos;
				VALIDATE_PRODUCT = YES;
			};
			name = Release;
		};
		D9F755D61B62034700447687 /* Debug */ = {
			isa = XCBuildConfiguration;
			buildSettings = {
				ASSETCATALOG_COMPILER_APPICON_NAME = AppIcon;
				INFOPLIST_FILE = EmojKey/Info.plist;
				LD_RUNPATH_SEARCH_PATHS = "$(inherited) @executable_path/Frameworks";
				PRODUCT_NAME = "$(TARGET_NAME)";
			};
			name = Debug;
		};
		D9F755D71B62034700447687 /* Release */ = {
			isa = XCBuildConfiguration;
			buildSettings = {
				ASSETCATALOG_COMPILER_APPICON_NAME = AppIcon;
				INFOPLIST_FILE = EmojKey/Info.plist;
				LD_RUNPATH_SEARCH_PATHS = "$(inherited) @executable_path/Frameworks";
				PRODUCT_NAME = "$(TARGET_NAME)";
			};
			name = Release;
		};
		D9F755D91B62034700447687 /* Debug */ = {
			isa = XCBuildConfiguration;
			buildSettings = {
				BUNDLE_LOADER = "$(TEST_HOST)";
				FRAMEWORK_SEARCH_PATHS = (
					"$(SDKROOT)/Developer/Library/Frameworks",
					"$(inherited)",
				);
				GCC_PREPROCESSOR_DEFINITIONS = (
					"DEBUG=1",
					"$(inherited)",
				);
				INFOPLIST_FILE = EmojKeyTests/Info.plist;
				LD_RUNPATH_SEARCH_PATHS = "$(inherited) @executable_path/Frameworks @loader_path/Frameworks";
				PRODUCT_NAME = "$(TARGET_NAME)";
				TEST_HOST = "$(BUILT_PRODUCTS_DIR)/EmojKey.app/EmojKey";
			};
			name = Debug;
		};
		D9F755DA1B62034700447687 /* Release */ = {
			isa = XCBuildConfiguration;
			buildSettings = {
				BUNDLE_LOADER = "$(TEST_HOST)";
				FRAMEWORK_SEARCH_PATHS = (
					"$(SDKROOT)/Developer/Library/Frameworks",
					"$(inherited)",
				);
				INFOPLIST_FILE = EmojKeyTests/Info.plist;
				LD_RUNPATH_SEARCH_PATHS = "$(inherited) @executable_path/Frameworks @loader_path/Frameworks";
				PRODUCT_NAME = "$(TARGET_NAME)";
				TEST_HOST = "$(BUILT_PRODUCTS_DIR)/EmojKey.app/EmojKey";
			};
			name = Release;
		};
/* End XCBuildConfiguration section */

/* Begin XCConfigurationList section */
		D9056B6A1B66E4BD00413C85 /* Build configuration list for PBXNativeTarget "EmojKeyboard" */ = {
			isa = XCConfigurationList;
			buildConfigurations = (
				D9056B681B66E4BD00413C85 /* Debug */,
				D9056B691B66E4BD00413C85 /* Release */,
			);
			defaultConfigurationIsVisible = 0;
		};
		D9F755B11B62034700447687 /* Build configuration list for PBXProject "EmojKey" */ = {
			isa = XCConfigurationList;
			buildConfigurations = (
				D9F755D31B62034700447687 /* Debug */,
				D9F755D41B62034700447687 /* Release */,
			);
			defaultConfigurationIsVisible = 0;
			defaultConfigurationName = Release;
		};
		D9F755D51B62034700447687 /* Build configuration list for PBXNativeTarget "EmojKey" */ = {
			isa = XCConfigurationList;
			buildConfigurations = (
				D9F755D61B62034700447687 /* Debug */,
				D9F755D71B62034700447687 /* Release */,
			);
			defaultConfigurationIsVisible = 0;
			defaultConfigurationName = Release;
		};
		D9F755D81B62034700447687 /* Build configuration list for PBXNativeTarget "EmojKeyTests" */ = {
			isa = XCConfigurationList;
			buildConfigurations = (
				D9F755D91B62034700447687 /* Debug */,
				D9F755DA1B62034700447687 /* Release */,
			);
			defaultConfigurationIsVisible = 0;
			defaultConfigurationName = Release;
		};
/* End XCConfigurationList section */
	};
	rootObject = D9F755AE1B62034700447687 /* Project object */;
}
